
Microsoft Visual Studio Solution File, Format Version 12.00
# Visual Studio 15
VisualStudioVersion = 15.0.26124.0
MinimumVisualStudioVersion = 15.0.26124.0
Project("{2150E333-8FDC-42A3-9474-1A3956D46DE8}") = "src", "src", "{1AE6B7A3-5E43-41D3-BA8F-3FB24F74C423}"
EndProject
Project("{F2A71F9B-5D33-465A-A702-920D77279786}") = "Kaleidoscope", "src\Kaleidoscope\Kaleidoscope.fsproj", "{56CACDD5-B0FC-4DE2-9AFE-B4318A90DAD2}"
EndProject
Project("{2150E333-8FDC-42A3-9474-1A3956D46DE8}") = "tests", "tests", "{0F4D5045-162C-4084-837B-6A95D9A84A0B}"
EndProject
Project("{F2A71F9B-5D33-465A-A702-920D77279786}") = "Kaleidoscope.Tests", "tests\Kaleidoscope.Tests\Kaleidoscope.Tests.fsproj", "{9AF032D8-2FA1-464E-A49C-5FA24A3AE2BB}"
EndProject
Global
	GlobalSection(SolutionConfigurationPlatforms) = preSolution
		Debug|Any CPU = Debug|Any CPU
		Debug|x64 = Debug|x64
		Debug|x86 = Debug|x86
		Release|Any CPU = Release|Any CPU
		Release|x64 = Release|x64
		Release|x86 = Release|x86
	EndGlobalSection
	GlobalSection(SolutionProperties) = preSolution
		HideSolutionNode = FALSE
	EndGlobalSection
	GlobalSection(ProjectConfigurationPlatforms) = postSolution
		{56CACDD5-B0FC-4DE2-9AFE-B4318A90DAD2}.Debug|Any CPU.ActiveCfg = Debug|Any CPU
		{56CACDD5-B0FC-4DE2-9AFE-B4318A90DAD2}.Debug|Any CPU.Build.0 = Debug|Any CPU
		{56CACDD5-B0FC-4DE2-9AFE-B4318A90DAD2}.Debug|x64.ActiveCfg = Debug|x64
		{56CACDD5-B0FC-4DE2-9AFE-B4318A90DAD2}.Debug|x64.Build.0 = Debug|x64
		{56CACDD5-B0FC-4DE2-9AFE-B4318A90DAD2}.Debug|x86.ActiveCfg = Debug|x86
		{56CACDD5-B0FC-4DE2-9AFE-B4318A90DAD2}.Debug|x86.Build.0 = Debug|x86
		{56CACDD5-B0FC-4DE2-9AFE-B4318A90DAD2}.Release|Any CPU.ActiveCfg = Release|Any CPU
		{56CACDD5-B0FC-4DE2-9AFE-B4318A90DAD2}.Release|Any CPU.Build.0 = Release|Any CPU
		{56CACDD5-B0FC-4DE2-9AFE-B4318A90DAD2}.Release|x64.ActiveCfg = Release|x64
		{56CACDD5-B0FC-4DE2-9AFE-B4318A90DAD2}.Release|x64.Build.0 = Release|x64
		{56CACDD5-B0FC-4DE2-9AFE-B4318A90DAD2}.Release|x86.ActiveCfg = Release|x86
		{56CACDD5-B0FC-4DE2-9AFE-B4318A90DAD2}.Release|x86.Build.0 = Release|x86
		{9AF032D8-2FA1-464E-A49C-5FA24A3AE2BB}.Debug|Any CPU.ActiveCfg = Debug|Any CPU
		{9AF032D8-2FA1-464E-A49C-5FA24A3AE2BB}.Debug|Any CPU.Build.0 = Debug|Any CPU
		{9AF032D8-2FA1-464E-A49C-5FA24A3AE2BB}.Debug|x64.ActiveCfg = Debug|x64
		{9AF032D8-2FA1-464E-A49C-5FA24A3AE2BB}.Debug|x64.Build.0 = Debug|x64
		{9AF032D8-2FA1-464E-A49C-5FA24A3AE2BB}.Debug|x86.ActiveCfg = Debug|x86
		{9AF032D8-2FA1-464E-A49C-5FA24A3AE2BB}.Debug|x86.Build.0 = Debug|x86
		{9AF032D8-2FA1-464E-A49C-5FA24A3AE2BB}.Release|Any CPU.ActiveCfg = Release|Any CPU
		{9AF032D8-2FA1-464E-A49C-5FA24A3AE2BB}.Release|Any CPU.Build.0 = Release|Any CPU
		{9AF032D8-2FA1-464E-A49C-5FA24A3AE2BB}.Release|x64.ActiveCfg = Release|x64
		{9AF032D8-2FA1-464E-A49C-5FA24A3AE2BB}.Release|x64.Build.0 = Release|x64
		{9AF032D8-2FA1-464E-A49C-5FA24A3AE2BB}.Release|x86.ActiveCfg = Release|x86
		{9AF032D8-2FA1-464E-A49C-5FA24A3AE2BB}.Release|x86.Build.0 = Release|x86
	EndGlobalSection
	GlobalSection(NestedProjects) = preSolution
		{56CACDD5-B0FC-4DE2-9AFE-B4318A90DAD2} = {1AE6B7A3-5E43-41D3-BA8F-3FB24F74C423}
		{9AF032D8-2FA1-464E-A49C-5FA24A3AE2BB} = {0F4D5045-162C-4084-837B-6A95D9A84A0B}
	EndGlobalSection
EndGlobal
